
Microsoft Visual Studio Solution File, Format Version 12.00
# Visual Studio 15
VisualStudioVersion = 15.0.27004.2002
MinimumVisualStudioVersion = 10.0.40219.1
Project("{FAE04EC0-301F-11D3-BF4B-00C04F79EFBC}") = "PIGGY BANK", "PIGGY BANK.csproj", "{6E132D15-1184-4468-AD98-61D6EEB1DCD8}"
EndProject
Global
	GlobalSection(SolutionConfigurationPlatforms) = preSolution
		Debug|Any CPU = Debug|Any CPU
		Release|Any CPU = Release|Any CPU
	EndGlobalSection
	GlobalSection(ProjectConfigurationPlatforms) = postSolution
		{6E132D15-1184-4468-AD98-61D6EEB1DCD8}.Debug|Any CPU.ActiveCfg = Debug|Any CPU
		{6E132D15-1184-4468-AD98-61D6EEB1DCD8}.Debug|Any CPU.Build.0 = Debug|Any CPU
		{6E132D15-1184-4468-AD98-61D6EEB1DCD8}.Release|Any CPU.ActiveCfg = Release|Any CPU
		{6E132D15-1184-4468-AD98-61D6EEB1DCD8}.Release|Any CPU.Build.0 = Release|Any CPU
	EndGlobalSection
	GlobalSection(SolutionProperties) = preSolution
		HideSolutionNode = FALSE
	EndGlobalSection
	GlobalSection(ExtensibilityGlobals) = postSolution
		SolutionGuid = {E14A7173-63D7-43EF-BB26-8D3FD7193987}
	EndGlobalSection
EndGlobal
